
Microsoft Visual Studio Solution File, Format Version 12.00
# Visual Studio Version 17
VisualStudioVersion = 17.0.31903.59
MinimumVisualStudioVersion = 10.0.40219.1
Project("{2150E333-8FDC-42A3-9474-1A3956D46DE8}") = "tests", "tests", "{0AB3BF05-4346-4AA6-1389-037BE0695223}"
EndProject
Project("{FAE04EC0-301F-11D3-BF4B-00C04F79EFBC}") = "TicTacToe.Tests", "tests\TicTacToe.Tests\TicTacToe.Tests.csproj", "{F6266D8F-CACC-43EC-9985-1F7159D68352}"
EndProject
Project("{2150E333-8FDC-42A3-9474-1A3956D46DE8}") = "src", "src", "{827E0CD3-B72D-47B6-A68D-7590B98EB39B}"
EndProject
Project("{2150E333-8FDC-42A3-9474-1A3956D46DE8}") = "TicTacToe", "TicTacToe", "{CA0EEC5B-A02B-8EA4-F285-7B2DDBA897CF}"
EndProject
Project("{FAE04EC0-301F-11D3-BF4B-00C04F79EFBC}") = "TicTacToe.AppHost", "src\TicTacToe\TicTacToe.AppHost\TicTacToe.AppHost.csproj", "{6673DCB9-F218-486F-9B44-BD51C84C5B91}"
EndProject
Project("{FAE04EC0-301F-11D3-BF4B-00C04F79EFBC}") = "TicTacToe.ServiceDefaults", "src\TicTacToe\TicTacToe.ServiceDefaults\TicTacToe.ServiceDefaults.csproj", "{4DED711D-610D-4D4B-BED8-5D0A0A642208}"
EndProject
Project("{FAE04EC0-301F-11D3-BF4B-00C04F79EFBC}") = "TicTacToe.Web", "src\TicTacToe\TicTacToe.Web\TicTacToe.Web.csproj", "{10BE24BA-B165-4017-81D5-82859DB0299A}"
EndProject
Project("{FAE04EC0-301F-11D3-BF4B-00C04F79EFBC}") = "TicTacToe.Modules.Gameplay", "src\TicTacToe\TicTacToe.Modules.Gameplay\TicTacToe.Modules.Gameplay.csproj", "{1E866C78-175D-413E-9E62-55FDA8156437}"
EndProject
Project("{FAE04EC0-301F-11D3-BF4B-00C04F79EFBC}") = "TicTacToe.Modules.Matchmaking", "src\TicTacToe\TicTacToe.Modules.Matchmaking\TicTacToe.Modules.Matchmaking.csproj", "{496F2565-0C1D-4539-8A6D-26A440F30649}"
EndProject
Project("{FAE04EC0-301F-11D3-BF4B-00C04F79EFBC}") = "TicTacToe.Modules.Chess", "src\TicTacToe\TicTacToe.Modules.Chess\TicTacToe.Modules.Chess.csproj", "{735042B4-6425-4E3F-9341-996263410B1E}"
EndProject
Project("{FAE04EC0-301F-11D3-BF4B-00C04F79EFBC}") = "TicTacToe.E2E", "tests\TicTacToe.E2E\TicTacToe.E2E.csproj", "{0BACB401-2B20-4CA7-BFAC-11CC7CA0D862}"
EndProject
Global
	GlobalSection(SolutionConfigurationPlatforms) = preSolution
		Debug|Any CPU = Debug|Any CPU
		Debug|x64 = Debug|x64
		Debug|x86 = Debug|x86
		Release|Any CPU = Release|Any CPU
		Release|x64 = Release|x64
		Release|x86 = Release|x86
	EndGlobalSection
	GlobalSection(ProjectConfigurationPlatforms) = postSolution
		{F6266D8F-CACC-43EC-9985-1F7159D68352}.Debug|Any CPU.ActiveCfg = Debug|Any CPU
		{F6266D8F-CACC-43EC-9985-1F7159D68352}.Debug|Any CPU.Build.0 = Debug|Any CPU
		{F6266D8F-CACC-43EC-9985-1F7159D68352}.Debug|x64.ActiveCfg = Debug|Any CPU
		{F6266D8F-CACC-43EC-9985-1F7159D68352}.Debug|x64.Build.0 = Debug|Any CPU
		{F6266D8F-CACC-43EC-9985-1F7159D68352}.Debug|x86.ActiveCfg = Debug|Any CPU
		{F6266D8F-CACC-43EC-9985-1F7159D68352}.Debug|x86.Build.0 = Debug|Any CPU
		{F6266D8F-CACC-43EC-9985-1F7159D68352}.Release|Any CPU.ActiveCfg = Release|Any CPU
		{F6266D8F-CACC-43EC-9985-1F7159D68352}.Release|Any CPU.Build.0 = Release|Any CPU
		{F6266D8F-CACC-43EC-9985-1F7159D68352}.Release|x64.ActiveCfg = Release|Any CPU
		{F6266D8F-CACC-43EC-9985-1F7159D68352}.Release|x64.Build.0 = Release|Any CPU
		{F6266D8F-CACC-43EC-9985-1F7159D68352}.Release|x86.ActiveCfg = Release|Any CPU
		{F6266D8F-CACC-43EC-9985-1F7159D68352}.Release|x86.Build.0 = Release|Any CPU
		{6673DCB9-F218-486F-9B44-BD51C84C5B91}.Debug|Any CPU.ActiveCfg = Debug|Any CPU
		{6673DCB9-F218-486F-9B44-BD51C84C5B91}.Debug|Any CPU.Build.0 = Debug|Any CPU
		{6673DCB9-F218-486F-9B44-BD51C84C5B91}.Debug|x64.ActiveCfg = Debug|Any CPU
		{6673DCB9-F218-486F-9B44-BD51C84C5B91}.Debug|x64.Build.0 = Debug|Any CPU
		{6673DCB9-F218-486F-9B44-BD51C84C5B91}.Debug|x86.ActiveCfg = Debug|Any CPU
		{6673DCB9-F218-486F-9B44-BD51C84C5B91}.Debug|x86.Build.0 = Debug|Any CPU
		{6673DCB9-F218-486F-9B44-BD51C84C5B91}.Release|Any CPU.ActiveCfg = Release|Any CPU
		{6673DCB9-F218-486F-9B44-BD51C84C5B91}.Release|Any CPU.Build.0 = Release|Any CPU
		{6673DCB9-F218-486F-9B44-BD51C84C5B91}.Release|x64.ActiveCfg = Release|Any CPU
		{6673DCB9-F218-486F-9B44-BD51C84C5B91}.Release|x64.Build.0 = Release|Any CPU
		{6673DCB9-F218-486F-9B44-BD51C84C5B91}.Release|x86.ActiveCfg = Release|Any CPU
		{6673DCB9-F218-486F-9B44-BD51C84C5B91}.Release|x86.Build.0 = Release|Any CPU
		{4DED711D-610D-4D4B-BED8-5D0A0A642208}.Debug|Any CPU.ActiveCfg = Debug|Any CPU
		{4DED711D-610D-4D4B-BED8-5D0A0A642208}.Debug|Any CPU.Build.0 = Debug|Any CPU
		{4DED711D-610D-4D4B-BED8-5D0A0A642208}.Debug|x64.ActiveCfg = Debug|Any CPU
		{4DED711D-610D-4D4B-BED8-5D0A0A642208}.Debug|x64.Build.0 = Debug|Any CPU
		{4DED711D-610D-4D4B-BED8-5D0A0A642208}.Debug|x86.ActiveCfg = Debug|Any CPU
		{4DED711D-610D-4D4B-BED8-5D0A0A642208}.Debug|x86.Build.0 = Debug|Any CPU
		{4DED711D-610D-4D4B-BED8-5D0A0A642208}.Release|Any CPU.ActiveCfg = Release|Any CPU
		{4DED711D-610D-4D4B-BED8-5D0A0A642208}.Release|Any CPU.Build.0 = Release|Any CPU
		{4DED711D-610D-4D4B-BED8-5D0A0A642208}.Release|x64.ActiveCfg = Release|Any CPU
		{4DED711D-610D-4D4B-BED8-5D0A0A642208}.Release|x64.Build.0 = Release|Any CPU
		{4DED711D-610D-4D4B-BED8-5D0A0A642208}.Release|x86.ActiveCfg = Release|Any CPU
		{4DED711D-610D-4D4B-BED8-5D0A0A642208}.Release|x86.Build.0 = Release|Any CPU
		{10BE24BA-B165-4017-81D5-82859DB0299A}.Debug|Any CPU.ActiveCfg = Debug|Any CPU
		{10BE24BA-B165-4017-81D5-82859DB0299A}.Debug|Any CPU.Build.0 = Debug|Any CPU
		{10BE24BA-B165-4017-81D5-82859DB0299A}.Debug|x64.ActiveCfg = Debug|Any CPU
		{10BE24BA-B165-4017-81D5-82859DB0299A}.Debug|x64.Build.0 = Debug|Any CPU
		{10BE24BA-B165-4017-81D5-82859DB0299A}.Debug|x86.ActiveCfg = Debug|Any CPU
		{10BE24BA-B165-4017-81D5-82859DB0299A}.Debug|x86.Build.0 = Debug|Any CPU
		{10BE24BA-B165-4017-81D5-82859DB0299A}.Release|Any CPU.ActiveCfg = Release|Any CPU
		{10BE24BA-B165-4017-81D5-82859DB0299A}.Release|Any CPU.Build.0 = Release|Any CPU
		{10BE24BA-B165-4017-81D5-82859DB0299A}.Release|x64.ActiveCfg = Release|Any CPU
		{10BE24BA-B165-4017-81D5-82859DB0299A}.Release|x64.Build.0 = Release|Any CPU
		{10BE24BA-B165-4017-81D5-82859DB0299A}.Release|x86.ActiveCfg = Release|Any CPU
		{10BE24BA-B165-4017-81D5-82859DB0299A}.Release|x86.Build.0 = Release|Any CPU
		{1E866C78-175D-413E-9E62-55FDA8156437}.Debug|Any CPU.ActiveCfg = Debug|Any CPU
		{1E866C78-175D-413E-9E62-55FDA8156437}.Debug|Any CPU.Build.0 = Debug|Any CPU
		{1E866C78-175D-413E-9E62-55FDA8156437}.Debug|x64.ActiveCfg = Debug|Any CPU
		{1E866C78-175D-413E-9E62-55FDA8156437}.Debug|x64.Build.0 = Debug|Any CPU
		{1E866C78-175D-413E-9E62-55FDA8156437}.Debug|x86.ActiveCfg = Debug|Any CPU
		{1E866C78-175D-413E-9E62-55FDA8156437}.Debug|x86.Build.0 = Debug|Any CPU
		{1E866C78-175D-413E-9E62-55FDA8156437}.Release|Any CPU.ActiveCfg = Release|Any CPU
		{1E866C78-175D-413E-9E62-55FDA8156437}.Release|Any CPU.Build.0 = Release|Any CPU
		{1E866C78-175D-413E-9E62-55FDA8156437}.Release|x64.ActiveCfg = Release|Any CPU
		{1E866C78-175D-413E-9E62-55FDA8156437}.Release|x64.Build.0 = Release|Any CPU
		{1E866C78-175D-413E-9E62-55FDA8156437}.Release|x86.ActiveCfg = Release|Any CPU
		{1E866C78-175D-413E-9E62-55FDA8156437}.Release|x86.Build.0 = Release|Any CPU
		{496F2565-0C1D-4539-8A6D-26A440F30649}.Debug|Any CPU.ActiveCfg = Debug|Any CPU
		{496F2565-0C1D-4539-8A6D-26A440F30649}.Debug|Any CPU.Build.0 = Debug|Any CPU
		{496F2565-0C1D-4539-8A6D-26A440F30649}.Debug|x64.ActiveCfg = Debug|Any CPU
		{496F2565-0C1D-4539-8A6D-26A440F30649}.Debug|x64.Build.0 = Debug|Any CPU
		{496F2565-0C1D-4539-8A6D-26A440F30649}.Debug|x86.ActiveCfg = Debug|Any CPU
		{496F2565-0C1D-4539-8A6D-26A440F30649}.Debug|x86.Build.0 = Debug|Any CPU
		{496F2565-0C1D-4539-8A6D-26A440F30649}.Release|Any CPU.ActiveCfg = Release|Any CPU
		{496F2565-0C1D-4539-8A6D-26A440F30649}.Release|Any CPU.Build.0 = Release|Any CPU
		{496F2565-0C1D-4539-8A6D-26A440F30649}.Release|x64.ActiveCfg = Release|Any CPU
		{496F2565-0C1D-4539-8A6D-26A440F30649}.Release|x64.Build.0 = Release|Any CPU
		{496F2565-0C1D-4539-8A6D-26A440F30649}.Release|x86.ActiveCfg = Release|Any CPU
		{496F2565-0C1D-4539-8A6D-26A440F30649}.Release|x86.Build.0 = Release|Any CPU
		{735042B4-6425-4E3F-9341-996263410B1E}.Debug|Any CPU.ActiveCfg = Debug|Any CPU
		{735042B4-6425-4E3F-9341-996263410B1E}.Debug|Any CPU.Build.0 = Debug|Any CPU
		{735042B4-6425-4E3F-9341-996263410B1E}.Debug|x64.ActiveCfg = Debug|Any CPU
		{735042B4-6425-4E3F-9341-996263410B1E}.Debug|x64.Build.0 = Debug|Any CPU
		{735042B4-6425-4E3F-9341-996263410B1E}.Debug|x86.ActiveCfg = Debug|Any CPU
		{735042B4-6425-4E3F-9341-996263410B1E}.Debug|x86.Build.0 = Debug|Any CPU
		{735042B4-6425-4E3F-9341-996263410B1E}.Release|Any CPU.ActiveCfg = Release|Any CPU
		{735042B4-6425-4E3F-9341-996263410B1E}.Release|Any CPU.Build.0 = Release|Any CPU
		{735042B4-6425-4E3F-9341-996263410B1E}.Release|x64.ActiveCfg = Release|Any CPU
		{735042B4-6425-4E3F-9341-996263410B1E}.Release|x64.Build.0 = Release|Any CPU
		{735042B4-6425-4E3F-9341-996263410B1E}.Release|x86.ActiveCfg = Release|Any CPU
		{735042B4-6425-4E3F-9341-996263410B1E}.Release|x86.Build.0 = Release|Any CPU
		{0BACB401-2B20-4CA7-BFAC-11CC7CA0D862}.Debug|Any CPU.ActiveCfg = Debug|Any CPU
		{0BACB401-2B20-4CA7-BFAC-11CC7CA0D862}.Debug|Any CPU.Build.0 = Debug|Any CPU
		{0BACB401-2B20-4CA7-BFAC-11CC7CA0D862}.Debug|x64.ActiveCfg = Debug|Any CPU
		{0BACB401-2B20-4CA7-BFAC-11CC7CA0D862}.Debug|x64.Build.0 = Debug|Any CPU
		{0BACB401-2B20-4CA7-BFAC-11CC7CA0D862}.Debug|x86.ActiveCfg = Debug|Any CPU
		{0BACB401-2B20-4CA7-BFAC-11CC7CA0D862}.Debug|x86.Build.0 = Debug|Any CPU
		{0BACB401-2B20-4CA7-BFAC-11CC7CA0D862}.Release|Any CPU.ActiveCfg = Release|Any CPU
		{0BACB401-2B20-4CA7-BFAC-11CC7CA0D862}.Release|Any CPU.Build.0 = Release|Any CPU
		{0BACB401-2B20-4CA7-BFAC-11CC7CA0D862}.Release|x64.ActiveCfg = Release|Any CPU
		{0BACB401-2B20-4CA7-BFAC-11CC7CA0D862}.Release|x64.Build.0 = Release|Any CPU
		{0BACB401-2B20-4CA7-BFAC-11CC7CA0D862}.Release|x86.ActiveCfg = Release|Any CPU
		{0BACB401-2B20-4CA7-BFAC-11CC7CA0D862}.Release|x86.Build.0 = Release|Any CPU
	EndGlobalSection
	GlobalSection(SolutionProperties) = preSolution
		HideSolutionNode = FALSE
	EndGlobalSection
	GlobalSection(NestedProjects) = preSolution
		{F6266D8F-CACC-43EC-9985-1F7159D68352} = {0AB3BF05-4346-4AA6-1389-037BE0695223}
		{CA0EEC5B-A02B-8EA4-F285-7B2DDBA897CF} = {827E0CD3-B72D-47B6-A68D-7590B98EB39B}
		{6673DCB9-F218-486F-9B44-BD51C84C5B91} = {CA0EEC5B-A02B-8EA4-F285-7B2DDBA897CF}
		{4DED711D-610D-4D4B-BED8-5D0A0A642208} = {CA0EEC5B-A02B-8EA4-F285-7B2DDBA897CF}
		{10BE24BA-B165-4017-81D5-82859DB0299A} = {CA0EEC5B-A02B-8EA4-F285-7B2DDBA897CF}
		{1E866C78-175D-413E-9E62-55FDA8156437} = {CA0EEC5B-A02B-8EA4-F285-7B2DDBA897CF}
		{496F2565-0C1D-4539-8A6D-26A440F30649} = {CA0EEC5B-A02B-8EA4-F285-7B2DDBA897CF}
		{735042B4-6425-4E3F-9341-996263410B1E} = {CA0EEC5B-A02B-8EA4-F285-7B2DDBA897CF}
		{0BACB401-2B20-4CA7-BFAC-11CC7CA0D862} = {0AB3BF05-4346-4AA6-1389-037BE0695223}
	EndGlobalSection
EndGlobal
